
Microsoft Visual Studio Solution File, Format Version 12.00
# Visual Studio Version 16
VisualStudioVersion = 16.0.30428.66
MinimumVisualStudioVersion = 10.0.40219.1
Project("{9A19103F-16F7-4668-BE54-9A1E7A4F7556}") = "image pro", "image pro\image pro.csproj", "{2A82072E-151C-43CF-B4A0-0E5B4651C2F4}"
EndProject
Global
	GlobalSection(SolutionConfigurationPlatforms) = preSolution
		Debug|Any CPU = Debug|Any CPU
		Release|Any CPU = Release|Any CPU
	EndGlobalSection
	GlobalSection(ProjectConfigurationPlatforms) = postSolution
		{2A82072E-151C-43CF-B4A0-0E5B4651C2F4}.Debug|Any CPU.ActiveCfg = Debug|Any CPU
		{2A82072E-151C-43CF-B4A0-0E5B4651C2F4}.Debug|Any CPU.Build.0 = Debug|Any CPU
		{2A82072E-151C-43CF-B4A0-0E5B4651C2F4}.Release|Any CPU.ActiveCfg = Release|Any CPU
		{2A82072E-151C-43CF-B4A0-0E5B4651C2F4}.Release|Any CPU.Build.0 = Release|Any CPU
	EndGlobalSection
	GlobalSection(SolutionProperties) = preSolution
		HideSolutionNode = FALSE
	EndGlobalSection
	GlobalSection(ExtensibilityGlobals) = postSolution
		SolutionGuid = {726B4B47-C67B-4473-A456-0CD463D9EE61}
	EndGlobalSection
EndGlobal
